// !$*UTF8*$!
{
	archiveVersion = 1;
	classes = {
	};
	objectVersion = 46;
	objects = {

/* Begin PBXBuildFile section */
		22CF97021C7EA1D10063218F /* AppDelegate.swift in Sources */ = {isa = PBXBuildFile; fileRef = 22CF97011C7EA1D10063218F /* AppDelegate.swift */; };
		22CF97041C7EA1D10063218F /* ViewController.swift in Sources */ = {isa = PBXBuildFile; fileRef = 22CF97031C7EA1D10063218F /* ViewController.swift */; };
		22CF97071C7EA1D10063218F /* Main.storyboard in Resources */ = {isa = PBXBuildFile; fileRef = 22CF97051C7EA1D10063218F /* Main.storyboard */; };
		22CF97091C7EA1D10063218F /* Assets.xcassets in Resources */ = {isa = PBXBuildFile; fileRef = 22CF97081C7EA1D10063218F /* Assets.xcassets */; };
		22CF970C1C7EA1D10063218F /* LaunchScreen.storyboard in Resources */ = {isa = PBXBuildFile; fileRef = 22CF970A1C7EA1D10063218F /* LaunchScreen.storyboard */; };
/* End PBXBuildFile section */

/* Begin PBXFileReference section */
		22CF96FE1C7EA1D10063218F /* Lab.app */ = {isa = PBXFileReference; explicitFileType = wrapper.application; includeInIndex = 0; path = Lab.app; sourceTree = BUILT_PRODUCTS_DIR; };
		22CF97011C7EA1D10063218F /* AppDelegate.swift */ = {isa = PBXFileReference; lastKnownFileType = sourcecode.swift; path = AppDelegate.swift; sourceTree = "<group>"; };
		22CF97031C7EA1D10063218F /* ViewController.swift */ = {isa = PBXFileReference; lastKnownFileType = sourcecode.swift; path = ViewController.swift; sourceTree = "<group>"; };
		22CF97061C7EA1D10063218F /* Base */ = {isa = PBXFileReference; lastKnownFileType = file.storyboard; name = Base; path = Base.lproj/Main.storyboard; sourceTree = "<group>"; };
		22CF97081C7EA1D10063218F /* Assets.xcassets */ = {isa = PBXFileReference; lastKnownFileType = folder.assetcatalog; path = Assets.xcassets; sourceTree = "<group>"; };
		22CF970B1C7EA1D10063218F /* Base */ = {isa = PBXFileReference; lastKnownFileType = file.storyboard; name = Base; path = Base.lproj/LaunchScreen.storyboard; sourceTree = "<group>"; };
		22CF970D1C7EA1D10063218F /* Info.plist */ = {isa = PBXFileReference; lastKnownFileType = text.plist.xml; path = Info.plist; sourceTree = "<group>"; };
/* End PBXFileReference section */

/* Begin PBXFrameworksBuildPhase section */
		22CF96FB1C7EA1D10063218F /* Frameworks */ = {
			isa = PBXFrameworksBuildPhase;
			buildActionMask = 2147483647;
			files = (
			);
			runOnlyForDeploymentPostprocessing = 0;
		};
/* End PBXFrameworksBuildPhase section */

/* Begin PBXGroup section */
		22CF96F51C7EA1D10063218F = {
			isa = PBXGroup;
			children = (
				22CF97001C7EA1D10063218F /* Lab */,
				22CF96FF1C7EA1D10063218F /* Products */,
			);
			sourceTree = "<group>";
		};
		22CF96FF1C7EA1D10063218F /* Products */ = {
			isa = PBXGroup;
			children = (
				22CF96FE1C7EA1D10063218F /* Lab.app */,
			);
			name = Products;
			sourceTree = "<group>";
		};
		22CF97001C7EA1D10063218F /* Lab */ = {
			isa = PBXGroup;
			children = (
				22CF97011C7EA1D10063218F /* AppDelegate.swift */,
				22CF97031C7EA1D10063218F /* ViewController.swift */,
				22CF97051C7EA1D10063218F /* Main.storyboard */,
				22CF97081C7EA1D10063218F /* Assets.xcassets */,
				22CF970A1C7EA1D10063218F /* LaunchScreen.storyboard */,
				22CF970D1C7EA1D10063218F /* Info.plist */,
			);
			path = Lab;
			sourceTree = "<group>";
		};
/* End PBXGroup section */

/* Begin PBXNativeTarget section */
		22CF96FD1C7EA1D10063218F /* Lab */ = {
			isa = PBXNativeTarget;
			buildConfigurationList = 22CF97101C7EA1D10063218F /* Build configuration list for PBXNativeTarget "Lab" */;
			buildPhases = (
				22CF96FA1C7EA1D10063218F /* Sources */,
				22CF96FB1C7EA1D10063218F /* Frameworks */,
				22CF96FC1C7EA1D10063218F /* Resources */,
			);
			buildRules = (
			);
			dependencies = (
			);
			name = Lab;
			productName = Lab;
			productReference = 22CF96FE1C7EA1D10063218F /* Lab.app */;
			productType = "com.apple.product-type.application";
		};
/* End PBXNativeTarget section */

/* Begin PBXProject section */
		22CF96F61C7EA1D10063218F /* Project object */ = {
			isa = PBXProject;
			attributes = {
				LastSwiftUpdateCheck = 0720;
				LastUpgradeCheck = 0720;
				ORGANIZATIONNAME = "Michael R. Bock";
				TargetAttributes = {
					22CF96FD1C7EA1D10063218F = {
						CreatedOnToolsVersion = 7.2.1;
						DevelopmentTeam = J488GRFKPU;
					};
				};
			};
			buildConfigurationList = 22CF96F91C7EA1D10063218F /* Build configuration list for PBXProject "Lab" */;
			compatibilityVersion = "Xcode 3.2";
			developmentRegion = English;
			hasScannedForEncodings = 0;
			knownRegions = (
				en,
				Base,
			);
			mainGroup = 22CF96F51C7EA1D10063218F;
			productRefGroup = 22CF96FF1C7EA1D10063218F /* Products */;
			projectDirPath = "";
			projectRoot = "";
			targets = (
				22CF96FD1C7EA1D10063218F /* Lab */,
			);
		};
/* End PBXProject section */

/* Begin PBXResourcesBuildPhase section */
		22CF96FC1C7EA1D10063218F /* Resources */ = {
			isa = PBXResourcesBuildPhase;
			buildActionMask = 2147483647;
			files = (
				22CF970C1C7EA1D10063218F /* LaunchScreen.storyboard in Resources */,
				22CF97091C7EA1D10063218F /* Assets.xcassets in Resources */,
				22CF97071C7EA1D10063218F /* Main.storyboard in Resources */,
			);
			runOnlyForDeploymentPostprocessing = 0;
		};
/* End PBXResourcesBuildPhase section */

/* Begin PBXSourcesBuildPhase section */
		22CF96FA1C7EA1D10063218F /* Sources */ = {
			isa = PBXSourcesBuildPhase;
			buildActionMask = 2147483647;
			files = (
				22CF97041C7EA1D10063218F /* ViewController.swift in Sources */,
				22CF97021C7EA1D10063218F /* AppDelegate.swift in Sources */,
			);
			runOnlyForDeploymentPostprocessing = 0;
		};
/* End PBXSourcesBuildPhase section */

/* Begin PBXVariantGroup section */
		22CF97051C7EA1D10063218F /* Main.storyboard */ = {
			isa = PBXVariantGroup;
			children = (
				22CF97061C7EA1D10063218F /* Base */,
			);
			name = Main.storyboard;
			sourceTree = "<group>";
		};
		22CF970A1C7EA1D10063218F /* LaunchScreen.storyboard */ = {
			isa = PBXVariantGroup;
			children = (
				22CF970B1C7EA1D10063218F /* Base */,
			);
			name = LaunchScreen.storyboard;
			sourceTree = "<group>";
		};
/* End PBXVariantGroup section */

/* Begin XCBuildConfiguration section */
		22CF970E1C7EA1D10063218F /* Debug */ = {
			isa = XCBuildConfiguration;
			buildSettings = {
				ALWAYS_SEARCH_USER_PATHS = NO;
				CLANG_CXX_LANGUAGE_STANDARD = "gnu++0x";
				CLANG_CXX_LIBRARY = "libc++";
				CLANG_ENABLE_MODULES = YES;
				CLANG_ENABLE_OBJC_ARC = YES;
				CLANG_WARN_BOOL_CONVERSION = YES;
				CLANG_WARN_CONSTANT_CONVERSION = YES;
				CLANG_WARN_DIRECT_OBJC_ISA_USAGE = YES_ERROR;
				CLANG_WARN_EMPTY_BODY = YES;
				CLANG_WARN_ENUM_CONVERSION = YES;
				CLANG_WARN_INT_CONVERSION = YES;
				CLANG_WARN_OBJC_ROOT_CLASS = YES_ERROR;
				CLANG_WARN_UNREACHABLE_CODE = YES;
				CLANG_WARN__DUPLICATE_METHOD_MATCH = YES;
				"CODE_SIGN_IDENTITY[sdk=iphoneos*]" = "iPhone Developer";
				COPY_PHASE_STRIP = NO;
				DEBUG_INFORMATION_FORMAT = dwarf;
				ENABLE_STRICT_OBJC_MSGSEND = YES;
				ENABLE_TESTABILITY = YES;
				GCC_C_LANGUAGE_STANDARD = gnu99;
				GCC_DYNAMIC_NO_PIC = NO;
				GCC_NO_COMMON_BLOCKS = YES;
				GCC_OPTIMIZATION_LEVEL = 0;
				GCC_PREPROCESSOR_DEFINITIONS = (
					"DEBUG=1",
					"$(inherited)",
				);
				GCC_WARN_64_TO_32_BIT_CONVERSION = YES;
				GCC_WARN_ABOUT_RETURN_TYPE = YES_ERROR;
				GCC_WARN_UNDECLARED_SELECTOR = YES;
				GCC_WARN_UNINITIALIZED_AUTOS = YES_AGGRESSIVE;
				GCC_WARN_UNUSED_FUNCTION = YES;
				GCC_WARN_UNUSED_VARIABLE = YES;
				IPHONEOS_DEPLOYMENT_TARGET = 9.2;
				MTL_ENABLE_DEBUG_INFO = YES;
				ONLY_ACTIVE_ARCH = YES;
				SDKROOT = iphoneos;
				SWIFT_OPTIMIZATION_LEVEL = "-Onone";
			};
			name = Debug;
		};
		22CF970F1C7EA1D10063218F /* Release */ = {
			isa = XCBuildConfiguration;
			buildSettings = {
				ALWAYS_SEARCH_USER_PATHS = NO;
				CLANG_CXX_LANGUAGE_STANDARD = "gnu++0x";
				CLANG_CXX_LIBRARY = "libc++";
				CLANG_ENABLE_MODULES = YES;
				CLANG_ENABLE_OBJC_ARC = YES;
				CLANG_WARN_BOOL_CONVERSION = YES;
				CLANG_WARN_CONSTANT_CONVERSION = YES;
				CLANG_WARN_DIRECT_OBJC_ISA_USAGE = YES_ERROR;
				CLANG_WARN_EMPTY_BODY = YES;
				CLANG_WARN_ENUM_CONVERSION = YES;
				CLANG_WARN_INT_CONVERSION = YES;
				CLANG_WARN_OBJC_ROOT_CLASS = YES_ERROR;
				CLANG_WARN_UNREACHABLE_CODE = YES;
				CLANG_WARN__DUPLICATE_METHOD_MATCH = YES;
				"CODE_SIGN_IDENTITY[sdk=iphoneos*]" = "iPhone Developer";
				COPY_PHASE_STRIP = NO;
				DEBUG_INFORMATION_FORMAT = "dwarf-with-dsym";
				ENABLE_NS_ASSERTIONS = NO;
				ENABLE_STRICT_OBJC_MSGSEND = YES;
				GCC_C_LANGUAGE_STANDARD = gnu99;
				GCC_NO_COMMON_BLOCKS = YES;
				GCC_WARN_64_TO_32_BIT_CONVERSION = YES;
				GCC_WARN_ABOUT_RETURN_TYPE = YES_ERROR;
				GCC_WARN_UNDECLARED_SELECTOR = YES;
				GCC_WARN_UNINITIALIZED_AUTOS = YES_AGGRESSIVE;
				GCC_WARN_UNUSED_FUNCTION = YES;
				GCC_WARN_UNUSED_VARIABLE = YES;
				IPHONEOS_DEPLOYMENT_TARGET = 9.2;
				MTL_ENABLE_DEBUG_INFO = NO;
				SDKROOT = iphoneos;
				VALIDATE_PRODUCT = YES;
			};
			name = Release;
		};
		22CF97111C7EA1D10063218F /* Debug */ = {
			isa = XCBuildConfiguration;
			buildSettings = {
				ASSETCATALOG_COMPILER_APPICON_NAME = AppIcon;
				INFOPLIST_FILE = Lab/Info.plist;
				LD_RUNPATH_SEARCH_PATHS = "$(inherited) @executable_path/Frameworks";
				PRODUCT_BUNDLE_IDENTIFIER = com.michaelrbock.Lab;
				PRODUCT_NAME = "$(TARGET_NAME)";
			};
			name = Debug;
		};
		22CF97121C7EA1D10063218F /* Release */ = {
			isa = XCBuildConfiguration;
			buildSettings = {
				ASSETCATALOG_COMPILER_APPICON_NAME = AppIcon;
				INFOPLIST_FILE = Lab/Info.plist;
				LD_RUNPATH_SEARCH_PATHS = "$(inherited) @executable_path/Frameworks";
				PRODUCT_BUNDLE_IDENTIFIER = com.michaelrbock.Lab;
				PRODUCT_NAME = "$(TARGET_NAME)";
			};
			name = Release;
		};
/* End XCBuildConfiguration section */

/* Begin XCConfigurationList section */
		22CF96F91C7EA1D10063218F /* Build configuration list for PBXProject "Lab" */ = {
			isa = XCConfigurationList;
			buildConfigurations = (
				22CF970E1C7EA1D10063218F /* Debug */,
				22CF970F1C7EA1D10063218F /* Release */,
			);
			defaultConfigurationIsVisible = 0;
			defaultConfigurationName = Release;
		};
		22CF97101C7EA1D10063218F /* Build configuration list for PBXNativeTarget "Lab" */ = {
			isa = XCConfigurationList;
			buildConfigurations = (
				22CF97111C7EA1D10063218F /* Debug */,
				22CF97121C7EA1D10063218F /* Release */,
			);
			defaultConfigurationIsVisible = 0;
		};
/* End XCConfigurationList section */
	};
	rootObject = 22CF96F61C7EA1D10063218F /* Project object */;
}
